
Microsoft Visual Studio Solution File, Format Version 12.00
# Visual Studio Version 17
VisualStudioVersion = 17.6.33723.286
MinimumVisualStudioVersion = 10.0.40219.1
Project("{9A19103F-16F7-4668-BE54-9A1E7A4F7556}") = "lab02-ATM", "lab02-ATM\lab02-ATM.csproj", "{33A2A2B7-C255-414E-ACC7-8A488F6C1364}"
EndProject
Project("{FAE04EC0-301F-11D3-BF4B-00C04F79EFBC}") = "ATMTest", "ATMTest\ATMTest.csproj", "{A0426CAE-66C7-48EF-805B-8D967BAAEB77}"
EndProject
Global
	GlobalSection(SolutionConfigurationPlatforms) = preSolution
		Debug|Any CPU = Debug|Any CPU
		Release|Any CPU = Release|Any CPU
	EndGlobalSection
	GlobalSection(ProjectConfigurationPlatforms) = postSolution
		{33A2A2B7-C255-414E-ACC7-8A488F6C1364}.Debug|Any CPU.ActiveCfg = Debug|Any CPU
		{33A2A2B7-C255-414E-ACC7-8A488F6C1364}.Debug|Any CPU.Build.0 = Debug|Any CPU
		{33A2A2B7-C255-414E-ACC7-8A488F6C1364}.Release|Any CPU.ActiveCfg = Release|Any CPU
		{33A2A2B7-C255-414E-ACC7-8A488F6C1364}.Release|Any CPU.Build.0 = Release|Any CPU
		{A0426CAE-66C7-48EF-805B-8D967BAAEB77}.Debug|Any CPU.ActiveCfg = Debug|Any CPU
		{A0426CAE-66C7-48EF-805B-8D967BAAEB77}.Debug|Any CPU.Build.0 = Debug|Any CPU
		{A0426CAE-66C7-48EF-805B-8D967BAAEB77}.Release|Any CPU.ActiveCfg = Release|Any CPU
		{A0426CAE-66C7-48EF-805B-8D967BAAEB77}.Release|Any CPU.Build.0 = Release|Any CPU
	EndGlobalSection
	GlobalSection(SolutionProperties) = preSolution
		HideSolutionNode = FALSE
	EndGlobalSection
	GlobalSection(ExtensibilityGlobals) = postSolution
		SolutionGuid = {EBA1D6F5-8444-4FBB-9F83-D520CFC13CF1}
	EndGlobalSection
EndGlobal
